{
  "nodes": {
    "nixpkgs": {
      "locked": {
        "lastModified": 1663083997,
        "narHash": "sha256-tasWWaQUIhWkFhp3D+8ANMpVY0aU9AczfYnAWhSgyRE=",
        "owner": "NixOS",
        "repo": "nixpkgs",
        "rev": "19bb831cc27d7bfac268de9986964ff8f6d7f0e7",
        "type": "github"
      },
      "original": {
        "id": "nixpkgs",
        "ref": "release-22.05",
        "type": "indirect"
      }
    },
    "root": {
      "inputs": {
        "nixpkgs": "nixpkgs"
      }
    }
  },
  "root": "root",
  "version": 7
}
